
Microsoft Visual Studio Solution File, Format Version 12.00
# Visual Studio 14
VisualStudioVersion = 14.0.25420.1
MinimumVisualStudioVersion = 10.0.40219.1
Project("{2150E333-8FDC-42A3-9474-1A3956D46DE8}") = "src", "src", "{6CE48D13-FE53-4286-BFEC-9002B9BDB58A}"
EndProject
Project("{2150E333-8FDC-42A3-9474-1A3956D46DE8}") = "Solution Items", "Solution Items", "{2944F2F3-B857-4A42-A5EB-1D68D0E30E8D}"
	ProjectSection(SolutionItems) = preProject
		global.json = global.json
	EndProjectSection
EndProject
Project("{8BB2217D-0F2D-49D1-97BC-3654ED321F3B}") = "Portfolio", "src\Portfolio\Portfolio.xproj", "{79B24A2E-E5EC-476F-8407-36B6DCF07444}"
EndProject
Global
	GlobalSection(SolutionConfigurationPlatforms) = preSolution
		Debug|Any CPU = Debug|Any CPU
		Release|Any CPU = Release|Any CPU
	EndGlobalSection
	GlobalSection(ProjectConfigurationPlatforms) = postSolution
		{79B24A2E-E5EC-476F-8407-36B6DCF07444}.Debug|Any CPU.ActiveCfg = Debug|Any CPU
		{79B24A2E-E5EC-476F-8407-36B6DCF07444}.Debug|Any CPU.Build.0 = Debug|Any CPU
		{79B24A2E-E5EC-476F-8407-36B6DCF07444}.Release|Any CPU.ActiveCfg = Release|Any CPU
		{79B24A2E-E5EC-476F-8407-36B6DCF07444}.Release|Any CPU.Build.0 = Release|Any CPU
	EndGlobalSection
	GlobalSection(SolutionProperties) = preSolution
		HideSolutionNode = FALSE
	EndGlobalSection
	GlobalSection(NestedProjects) = preSolution
		{79B24A2E-E5EC-476F-8407-36B6DCF07444} = {6CE48D13-FE53-4286-BFEC-9002B9BDB58A}
	EndGlobalSection
EndGlobal
